{
  "name": "track-packages",
  "version": "0.0.10",
  "lockfileVersion": 1,
  "requires": true,
  "dependencies": {
    "@types/node": {
      "version": "9.4.6",
      "resolved": "https://registry.npmjs.org/@types/node/-/node-9.4.6.tgz",
      "integrity": "sha512-CTUtLb6WqCCgp6P59QintjHWqzf4VL1uPA27bipLAPxFqrtK1gEYllePzTICGqQ8rYsCbpnsNypXjjDzGAAjEQ=="
    },
    "boolbase": {
      "version": "1.0.0",
      "resolved": "https://registry.npmjs.org/boolbase/-/boolbase-1.0.0.tgz",
      "integrity": "sha1-aN/1++YMUes3cl6p4+0xDcwed24="
    },
    "camel-case": {
      "version": "3.0.0",
      "resolved": "https://registry.npmjs.org/camel-case/-/camel-case-3.0.0.tgz",
      "integrity": "sha1-yjw2iKTpzzpM2nd9xNy8cTJJz3M=",
      "requires": {
        "no-case": "2.3.2",
        "upper-case": "1.1.3"
      }
    },
    "charenc": {
      "version": "0.0.2",
      "resolved": "https://registry.npmjs.org/charenc/-/charenc-0.0.2.tgz",
      "integrity": "sha1-wKHS86cJLgN3S/qD8UwPxXkKhmc="
    },
    "cheerio": {
      "version": "1.0.0-rc.2",
      "resolved": "https://registry.npmjs.org/cheerio/-/cheerio-1.0.0-rc.2.tgz",
      "integrity": "sha1-S59TqBsn5NXawxwP/Qz6A8xoMNs=",
      "requires": {
        "css-select": "1.2.0",
        "dom-serializer": "0.1.0",
        "entities": "1.1.1",
        "htmlparser2": "3.9.2",
        "lodash": "4.17.5",
        "parse5": "3.0.3"
      }
    },
    "clean-css": {
      "version": "4.1.9",
      "resolved": "https://registry.npmjs.org/clean-css/-/clean-css-4.1.9.tgz",
      "integrity": "sha1-Nc7ornaHpJuYA09w3gDE7dOCYwE=",
      "requires": {
        "source-map": "0.5.7"
      }
    },
    "co": {
      "version": "4.6.0",
      "resolved": "https://registry.npmjs.org/co/-/co-4.6.0.tgz",
      "integrity": "sha1-bqa989hTrlTMuOR7+gvz+QMfsYQ="
    },
    "commander": {
      "version": "2.14.1",
      "resolved": "https://registry.npmjs.org/commander/-/commander-2.14.1.tgz",
      "integrity": "sha512-+YR16o3rK53SmWHU3rEM3tPAh2rwb1yPcQX5irVn7mb0gXbwuCCrnkbV5+PBfETdfg1vui07nM6PCG1zndcjQw=="
    },
    "core-util-is": {
      "version": "1.0.2",
      "resolved": "https://registry.npmjs.org/core-util-is/-/core-util-is-1.0.2.tgz",
      "integrity": "sha1-tf1UIgqivFq1eqtxQMlAdUUDwac="
    },
    "crypt": {
      "version": "0.0.2",
      "resolved": "https://registry.npmjs.org/crypt/-/crypt-0.0.2.tgz",
      "integrity": "sha1-iNf/fsDfuG9xPch7u0LQRNPmxBs="
    },
    "css-select": {
      "version": "1.2.0",
      "resolved": "https://registry.npmjs.org/css-select/-/css-select-1.2.0.tgz",
      "integrity": "sha1-KzoRBTnFNV8c2NMUYj6HCxIeyFg=",
      "requires": {
        "boolbase": "1.0.0",
        "css-what": "2.1.0",
        "domutils": "1.5.1",
        "nth-check": "1.0.1"
      }
    },
    "css-tree": {
      "version": "1.0.0-alpha.28",
      "resolved": "https://registry.npmjs.org/css-tree/-/css-tree-1.0.0-alpha.28.tgz",
      "integrity": "sha512-joNNW1gCp3qFFzj4St6zk+Wh/NBv0vM5YbEreZk0SD4S23S+1xBKb6cLDg2uj4P4k/GUMlIm6cKIDqIG+vdt0w==",
      "requires": {
        "mdn-data": "1.1.0",
        "source-map": "0.5.7"
      }
    },
    "css-what": {
      "version": "2.1.0",
      "resolved": "https://registry.npmjs.org/css-what/-/css-what-2.1.0.tgz",
      "integrity": "sha1-lGfQMsOM+u+58teVASUwYvh/ob0="
    },
    "deepmerge": {
      "version": "2.0.1",
      "resolved": "https://registry.npmjs.org/deepmerge/-/deepmerge-2.0.1.tgz",
      "integrity": "sha512-VIPwiMJqJ13ZQfaCsIFnp5Me9tnjURiaIFxfz7EH0Ci0dTSQpZtSLrqOicXqEd/z2r+z+Klk9GzmnRsgpgbOsQ=="
    },
    "dom-serializer": {
      "version": "0.1.0",
      "resolved": "https://registry.npmjs.org/dom-serializer/-/dom-serializer-0.1.0.tgz",
      "integrity": "sha1-BzxpdUbOB4DOI75KKOKT5AvDDII=",
      "requires": {
        "domelementtype": "1.1.3",
        "entities": "1.1.1"
      },
      "dependencies": {
        "domelementtype": {
          "version": "1.1.3",
          "resolved": "https://registry.npmjs.org/domelementtype/-/domelementtype-1.1.3.tgz",
          "integrity": "sha1-vSh3PiZCiBrsUVRJJCmcXNgiGFs="
        }
      }
    },
    "domelementtype": {
      "version": "1.3.0",
      "resolved": "https://registry.npmjs.org/domelementtype/-/domelementtype-1.3.0.tgz",
      "integrity": "sha1-sXrtguirWeUt2cGbF1bg/BhyBMI="
    },
    "domhandler": {
      "version": "2.4.1",
      "resolved": "https://registry.npmjs.org/domhandler/-/domhandler-2.4.1.tgz",
      "integrity": "sha1-iS5HAAqZvlW783dP/qBWHYh5wlk=",
      "requires": {
        "domelementtype": "1.3.0"
      }
    },
    "domutils": {
      "version": "1.5.1",
      "resolved": "https://registry.npmjs.org/domutils/-/domutils-1.5.1.tgz",
      "integrity": "sha1-3NhIiib1Y9YQeeSMn3t+Mjc2gs8=",
      "requires": {
        "dom-serializer": "0.1.0",
        "domelementtype": "1.3.0"
      }
    },
    "entities": {
      "version": "1.1.1",
      "resolved": "https://registry.npmjs.org/entities/-/entities-1.1.1.tgz",
      "integrity": "sha1-blwtClYhtdra7O+AuQ7ftc13cvA="
    },
    "fast-deep-equal": {
      "version": "1.1.0",
      "resolved": "https://registry.npmjs.org/fast-deep-equal/-/fast-deep-equal-1.1.0.tgz",
      "integrity": "sha1-wFNHeBfIa1HaqFPIHgWbcz0CNhQ="
    },
    "he": {
      "version": "1.1.1",
      "resolved": "https://registry.npmjs.org/he/-/he-1.1.1.tgz",
      "integrity": "sha1-k0EP0hsAlzUVH4howvJx80J+I/0="
    },
    "html-minifier": {
      "version": "3.5.10",
      "resolved": "https://registry.npmjs.org/html-minifier/-/html-minifier-3.5.10.tgz",
      "integrity": "sha512-5c8iAyeIGAiuFhVjJ0qy1lgvyQxxuZgjeOuMnoK/wjEyy8DF3xKUnE9pO+6H7VMir976K6SGlZV8ZEmIOea/Zg==",
      "requires": {
        "camel-case": "3.0.0",
        "clean-css": "4.1.9",
        "commander": "2.14.1",
        "he": "1.1.1",
        "ncname": "1.0.0",
        "param-case": "2.1.1",
        "relateurl": "0.2.7",
        "uglify-js": "3.3.13"
      }
    },
    "htmlparser2": {
      "version": "3.9.2",
      "resolved": "https://registry.npmjs.org/htmlparser2/-/htmlparser2-3.9.2.tgz",
      "integrity": "sha1-G9+HrMoPP55T+k/M6w9LTLsAszg=",
      "requires": {
        "domelementtype": "1.3.0",
        "domhandler": "2.4.1",
        "domutils": "1.5.1",
        "entities": "1.1.1",
        "inherits": "2.0.3",
        "readable-stream": "2.3.5"
      }
    },
    "inherits": {
      "version": "2.0.3",
      "resolved": "https://registry.npmjs.org/inherits/-/inherits-2.0.3.tgz",
      "integrity": "sha1-Yzwsg+PaQqUC9SRmAiSA9CCCYd4="
    },
    "is-buffer": {
      "version": "1.1.6",
      "resolved": "https://registry.npmjs.org/is-buffer/-/is-buffer-1.1.6.tgz",
      "integrity": "sha512-NcdALwpXkTm5Zvvbk7owOUSvVvBKDgKP5/ewfXEznmQFfs4ZRmanOeKBTjRVjka3QFoN6XJ+9F3USqfHqTaU5w=="
    },
    "isarray": {
      "version": "1.0.0",
      "resolved": "https://registry.npmjs.org/isarray/-/isarray-1.0.0.tgz",
      "integrity": "sha1-u5NdSFgsuhaMBoNJV6VKPgcSTxE="
    },
    "lodash": {
      "version": "4.17.5",
      "resolved": "https://registry.npmjs.org/lodash/-/lodash-4.17.5.tgz",
      "integrity": "sha512-svL3uiZf1RwhH+cWrfZn3A4+U58wbP0tGVTLQPbjplZxZ8ROD9VLuNgsRniTlLe7OlSqR79RUehXgpBW/s0IQw=="
    },
    "lower-case": {
      "version": "1.1.4",
      "resolved": "https://registry.npmjs.org/lower-case/-/lower-case-1.1.4.tgz",
      "integrity": "sha1-miyr0bno4K6ZOkv31YdcOcQujqw="
    },
    "lscache": {
      "version": "1.1.0",
      "resolved": "https://registry.npmjs.org/lscache/-/lscache-1.1.0.tgz",
      "integrity": "sha1-y88t+cz2NPPI+cZZvL4ETW9zuGA="
    },
    "md5": {
      "version": "2.2.1",
      "resolved": "https://registry.npmjs.org/md5/-/md5-2.2.1.tgz",
      "integrity": "sha1-U6s41f48iJG6RlMp6iP6wFQBJvk=",
      "requires": {
        "charenc": "0.0.2",
        "crypt": "0.0.2",
        "is-buffer": "1.1.6"
      }
    },
    "mdn-data": {
      "version": "1.1.0",
      "resolved": "https://registry.npmjs.org/mdn-data/-/mdn-data-1.1.0.tgz",
      "integrity": "sha512-jC6B3BFC07cCOU8xx1d+sQtDkVIpGKWv4TzK7pN7PyObdbwlIFJbHYk8ofvr0zrU8SkV1rSi87KAHhWCdLGw1Q=="
    },
    "mithril-node-render": {
      "version": "2.3.0",
      "resolved": "https://registry.npmjs.org/mithril-node-render/-/mithril-node-render-2.3.0.tgz",
      "integrity": "sha512-cAN1VDiBY1wBcDzJiKn6QO+xcSWYyKsMxG10SmTUsV+iXPdp+Ibxgd2c4c6N4WeboGMonG3BGwtwUW4Xm62vuw==",
      "requires": {
        "co": "4.6.0"
      }
    },
    "ncname": {
      "version": "1.0.0",
      "resolved": "https://registry.npmjs.org/ncname/-/ncname-1.0.0.tgz",
      "integrity": "sha1-W1etGLHKCShk72Kwse2BlPODtxw=",
      "requires": {
        "xml-char-classes": "1.0.0"
      }
    },
    "no-case": {
      "version": "2.3.2",
      "resolved": "https://registry.npmjs.org/no-case/-/no-case-2.3.2.tgz",
      "integrity": "sha512-rmTZ9kz+f3rCvK2TD1Ue/oZlns7OGoIWP4fc3llxxRXlOkHKoWPPWJOfFYpITabSow43QJbRIoHQXtt10VldyQ==",
      "requires": {
        "lower-case": "1.1.4"
      }
    },
    "nth-check": {
      "version": "1.0.1",
      "resolved": "https://registry.npmjs.org/nth-check/-/nth-check-1.0.1.tgz",
      "integrity": "sha1-mSms32KPwsQQmN6rgqxYDPFJquQ=",
      "requires": {
        "boolbase": "1.0.0"
      }
    },
    "param-case": {
      "version": "2.1.1",
      "resolved": "https://registry.npmjs.org/param-case/-/param-case-2.1.1.tgz",
      "integrity": "sha1-35T9jPZTHs915r75oIWPvHK+Ikc=",
      "requires": {
        "no-case": "2.3.2"
      }
    },
    "parse5": {
      "version": "3.0.3",
      "resolved": "https://registry.npmjs.org/parse5/-/parse5-3.0.3.tgz",
      "integrity": "sha512-rgO9Zg5LLLkfJF9E6CCmXlSE4UVceloys8JrFqCcHloC3usd/kJCyPDwH2SOlzix2j3xaP9sUX3e8+kvkuleAA==",
      "requires": {
        "@types/node": "9.4.6"
      }
    },
    "process-nextick-args": {
      "version": "2.0.0",
      "resolved": "https://registry.npmjs.org/process-nextick-args/-/process-nextick-args-2.0.0.tgz",
      "integrity": "sha512-MtEC1TqN0EU5nephaJ4rAtThHtC86dNN9qCuEhtshvpVBkAW5ZO7BASN9REnF9eoXGcRub+pFuKEpOHE+HbEMw=="
    },
    "readable-stream": {
      "version": "2.3.5",
      "resolved": "https://registry.npmjs.org/readable-stream/-/readable-stream-2.3.5.tgz",
      "integrity": "sha512-tK0yDhrkygt/knjowCUiWP9YdV7c5R+8cR0r/kt9ZhBU906Fs6RpQJCEilamRJj1Nx2rWI6LkW9gKqjTkshhEw==",
      "requires": {
        "core-util-is": "1.0.2",
        "inherits": "2.0.3",
        "isarray": "1.0.0",
        "process-nextick-args": "2.0.0",
        "safe-buffer": "5.1.1",
        "string_decoder": "1.0.3",
        "util-deprecate": "1.0.2"
      }
    },
    "relateurl": {
      "version": "0.2.7",
      "resolved": "https://registry.npmjs.org/relateurl/-/relateurl-0.2.7.tgz",
      "integrity": "sha1-VNvzd+UUQKypCkzSdGANP/LYiKk="
    },
    "safe-buffer": {
      "version": "5.1.1",
      "resolved": "https://registry.npmjs.org/safe-buffer/-/safe-buffer-5.1.1.tgz",
      "integrity": "sha512-kKvNJn6Mm93gAczWVJg7wH+wGYWNrDHdWvpUmHyEsgCtIwwo3bqPtV4tR5tuPaUhTOo/kvhVwd8XwwOllGYkbg=="
    },
    "source-map": {
      "version": "0.5.7",
      "resolved": "https://registry.npmjs.org/source-map/-/source-map-0.5.7.tgz",
      "integrity": "sha1-igOdLRAh0i0eoUyA2OpGi6LvP8w="
    },
    "string_decoder": {
      "version": "1.0.3",
      "resolved": "https://registry.npmjs.org/string_decoder/-/string_decoder-1.0.3.tgz",
      "integrity": "sha512-4AH6Z5fzNNBcH+6XDMfA/BTt87skxqJlO0lAh3Dker5zThcAxG6mKz+iGu308UKoPPQ8Dcqx/4JhujzltRa+hQ==",
      "requires": {
        "safe-buffer": "5.1.1"
      }
    },
    "track-component": {
      "version": "0.0.6",
      "resolved": "https://registry.npmjs.org/track-component/-/track-component-0.0.6.tgz",
      "integrity": "sha512-VGZpgsuuMlm6MMDubNbWJEh1k6sDbtUK+i0FVOWiOxWLk0pDT6hf6A+8zrgHJvxrhBk9GZmKQT2iN9Ucf9cvFQ==",
      "requires": {
        "track-config": "0.0.2",
        "track-dsl": "0.0.3",
        "track-i18n": "0.0.2",
        "track-model": "0.0.4",
        "track-view": "0.0.3"
      }
    },
    "track-config": {
      "version": "0.0.2",
      "resolved": "https://registry.npmjs.org/track-config/-/track-config-0.0.2.tgz",
      "integrity": "sha512-0VLchSkE5YqKYj/F8pW7G66somQgcPdd83SnNuc8w/7cLJbu3MjffRHEmvECBU67nVUlqdDiwLFqpBDsa70jWQ=="
    },
    "track-controller": {
      "version": "0.0.9",
      "resolved": "https://registry.npmjs.org/track-controller/-/track-controller-0.0.9.tgz",
      "integrity": "sha512-/ENGeTrP6PQZ0GtACnUrYZ0kALeeCwrgV+PZLCBOPomz5R8d+9ycvc2pDqSCyjZXADQy3/rlHzAwa7ambIUKBg==",
      "requires": {
        "deepmerge": "2.0.1",
        "fast-deep-equal": "1.1.0",
        "lscache": "1.1.0",
        "md5": "2.2.1",
        "track-component": "0.0.6",
        "track-config": "0.0.2",
        "track-eventor": "0.0.5",
        "track-helpers": "0.0.1"
      }
    },
    "track-dsl": {
      "version": "0.0.3",
      "resolved": "https://registry.npmjs.org/track-dsl/-/track-dsl-0.0.3.tgz",
      "integrity": "sha512-gWxBd9/3PWXbTUR2KQJmM/1JGB5MjdeawPUHKS17ZNvvuV3SP4BcKa7AOfqOveczTRBETQ5rM+fjxlJK3A46Sg=="
    },
    "track-eventor": {
      "version": "0.0.5",
      "resolved": "https://registry.npmjs.org/track-eventor/-/track-eventor-0.0.5.tgz",
      "integrity": "sha512-/42JjrjJHc27WkAlZNYy9+Ob2jdTH+nyrSQbvJRHLuu7wHjGYd6FOlmrxERp+Q0CaPRNXAvl/z3Cs7huz4+nrQ=="
    },
    "track-helpers": {
      "version": "0.0.1",
      "resolved": "https://registry.npmjs.org/track-helpers/-/track-helpers-0.0.1.tgz",
      "integrity": "sha512-+xZ7p6DYzKs9UxRZM9kEC7KJaq/Qz9GRfj/uUV7sRDfNwfTTfsca5gjyjAyrdZNIJ2Z7gPqoMvW/Zi8Gbk7kuA=="
    },
    "track-i18n": {
      "version": "0.0.2",
      "resolved": "https://registry.npmjs.org/track-i18n/-/track-i18n-0.0.2.tgz",
      "integrity": "sha512-jhs+RbLdDF/XN3DrPVT/TJth+QfMe3zgt/YWF8mBSOcOS+iCehMXqcd97oC8GY6gm2xtBScS98rWl4He6lvWWg=="
    },
    "track-model": {
      "version": "0.0.4",
      "resolved": "https://registry.npmjs.org/track-model/-/track-model-0.0.4.tgz",
      "integrity": "sha512-jEyUvM7lIaSoZieiZCF5LURpMhHqSaUG90FFPnh1rsyrKADAmEtrsuwrF7dESbd6WHeF6h8jg1mMkW3ymWkwzA==",
      "requires": {
        "track-dsl": "0.0.3",
        "track-i18n": "0.0.2"
      }
    },
    "track-router": {
      "version": "0.0.2",
      "resolved": "https://registry.npmjs.org/track-router/-/track-router-0.0.2.tgz",
      "integrity": "sha512-k/n8FS/WET3TyBe5HCCeL1vEzEka62gpNQBUDt8ebtgU4p7pH1TT9NGvfUC4YrOYTM39whtYRtNSv/t0LmkWrQ==",
      "requires": {
        "track-config": "0.0.2",
        "track-dsl": "0.0.3"
      }
    },
    "track-server": {
      "version": "0.0.2",
      "resolved": "https://registry.npmjs.org/track-server/-/track-server-0.0.2.tgz",
      "integrity": "sha512-H9tuiii7HvZ+br7I6xsSUoali+YRz4MgKhp9+JSc1PwG74xij0pkV26tduYim+7w4/ZRonLlyLZwwQIneRHN8Q==",
      "requires": {
        "track-server-renderer": "0.0.4"
      }
    },
    "track-server-renderer": {
      "version": "0.0.4",
      "resolved": "https://registry.npmjs.org/track-server-renderer/-/track-server-renderer-0.0.4.tgz",
      "integrity": "sha512-tcMGgZYwuuw5NV5A78d9QmSfp5rwE4ZMv0oM44wi/XJQZmMDEQYaQVKDBQT22mU+0VSMTelNjopjXMjVhBW1Hw==",
      "requires": {
        "cheerio": "1.0.0-rc.2",
        "css-tree": "1.0.0-alpha.28",
        "html-minifier": "3.5.10",
        "mithril-node-render": "2.3.0",
        "track-config": "0.0.2",
        "xhr2": "0.1.4"
      }
    },
    "track-view": {
      "version": "0.0.3",
      "resolved": "https://registry.npmjs.org/track-view/-/track-view-0.0.3.tgz",
      "integrity": "sha512-2pkym1DYpwnAwp5btLZ59fzR9Li+8x64+giuxAm5y+vYA1YKThAV+d962Ma4W7JekBV5KA+5eHlgCQcgXYorFQ==",
      "requires": {
        "track-i18n": "0.0.2"
      }
    },
    "uglify-js": {
      "version": "3.3.13",
      "resolved": "https://registry.npmjs.org/uglify-js/-/uglify-js-3.3.13.tgz",
      "integrity": "sha512-7rdn/bDOG1ElSTPdh7AI5TCjLv63ZD4k8BBadN3ssIkhlaQL2c0yRxmXCyOYhZK0wZTgGgUSnYQ4CGu+Jos5cA==",
      "requires": {
        "commander": "2.14.1",
        "source-map": "0.6.1"
      },
      "dependencies": {
        "source-map": {
          "version": "0.6.1",
          "resolved": "https://registry.npmjs.org/source-map/-/source-map-0.6.1.tgz",
          "integrity": "sha512-UjgapumWlbMhkBgzT7Ykc5YXUT46F0iKu8SGXq0bcwP5dz/h0Plj6enJqjz1Zbq2l5WaqYnrVbwWOWMyF3F47g=="
        }
      }
    },
    "upper-case": {
      "version": "1.1.3",
      "resolved": "https://registry.npmjs.org/upper-case/-/upper-case-1.1.3.tgz",
      "integrity": "sha1-9rRQHC7EzdJrp4vnIilh3ndiFZg="
    },
    "util-deprecate": {
      "version": "1.0.2",
      "resolved": "https://registry.npmjs.org/util-deprecate/-/util-deprecate-1.0.2.tgz",
      "integrity": "sha1-RQ1Nyfpw3nMnYvvS1KKJgUGaDM8="
    },
    "xhr2": {
      "version": "0.1.4",
      "resolved": "https://registry.npmjs.org/xhr2/-/xhr2-0.1.4.tgz",
      "integrity": "sha1-f4dliEdxbbUCYyOBL4GMras4el8="
    },
    "xml-char-classes": {
      "version": "1.0.0",
      "resolved": "https://registry.npmjs.org/xml-char-classes/-/xml-char-classes-1.0.0.tgz",
      "integrity": "sha1-ZGV4SKIP/F31g6Qq2KJ3tFErvE0="
    }
  }
}
