{
  "name": "track-packages",
  "version": "0.0.8",
  "lockfileVersion": 1,
  "requires": true,
  "dependencies": {
    "charenc": {
      "version": "0.0.2",
      "resolved": "https://registry.npmjs.org/charenc/-/charenc-0.0.2.tgz",
      "integrity": "sha1-wKHS86cJLgN3S/qD8UwPxXkKhmc="
    },
    "crypt": {
      "version": "0.0.2",
      "resolved": "https://registry.npmjs.org/crypt/-/crypt-0.0.2.tgz",
      "integrity": "sha1-iNf/fsDfuG9xPch7u0LQRNPmxBs="
    },
    "deepmerge": {
      "version": "2.0.1",
      "resolved": "https://registry.npmjs.org/deepmerge/-/deepmerge-2.0.1.tgz",
      "integrity": "sha512-VIPwiMJqJ13ZQfaCsIFnp5Me9tnjURiaIFxfz7EH0Ci0dTSQpZtSLrqOicXqEd/z2r+z+Klk9GzmnRsgpgbOsQ=="
    },
    "fast-deep-equal": {
      "version": "1.1.0",
      "resolved": "https://registry.npmjs.org/fast-deep-equal/-/fast-deep-equal-1.1.0.tgz",
      "integrity": "sha1-wFNHeBfIa1HaqFPIHgWbcz0CNhQ="
    },
    "is-buffer": {
      "version": "1.1.6",
      "resolved": "https://registry.npmjs.org/is-buffer/-/is-buffer-1.1.6.tgz",
      "integrity": "sha512-NcdALwpXkTm5Zvvbk7owOUSvVvBKDgKP5/ewfXEznmQFfs4ZRmanOeKBTjRVjka3QFoN6XJ+9F3USqfHqTaU5w=="
    },
    "lscache": {
      "version": "1.1.0",
      "resolved": "https://registry.npmjs.org/lscache/-/lscache-1.1.0.tgz",
      "integrity": "sha1-y88t+cz2NPPI+cZZvL4ETW9zuGA="
    },
    "md5": {
      "version": "2.2.1",
      "resolved": "https://registry.npmjs.org/md5/-/md5-2.2.1.tgz",
      "integrity": "sha1-U6s41f48iJG6RlMp6iP6wFQBJvk=",
      "requires": {
        "charenc": "0.0.2",
        "crypt": "0.0.2",
        "is-buffer": "1.1.6"
      }
    },
    "track-component": {
      "version": "0.0.6",
      "resolved": "https://registry.npmjs.org/track-component/-/track-component-0.0.6.tgz",
      "integrity": "sha512-VGZpgsuuMlm6MMDubNbWJEh1k6sDbtUK+i0FVOWiOxWLk0pDT6hf6A+8zrgHJvxrhBk9GZmKQT2iN9Ucf9cvFQ==",
      "requires": {
        "track-config": "0.0.2",
        "track-dsl": "0.0.3",
        "track-i18n": "0.0.2",
        "track-model": "0.0.4",
        "track-view": "0.0.3"
      }
    },
    "track-config": {
      "version": "0.0.2",
      "resolved": "https://registry.npmjs.org/track-config/-/track-config-0.0.2.tgz",
      "integrity": "sha512-0VLchSkE5YqKYj/F8pW7G66somQgcPdd83SnNuc8w/7cLJbu3MjffRHEmvECBU67nVUlqdDiwLFqpBDsa70jWQ=="
    },
    "track-controller": {
      "version": "0.0.9",
      "resolved": "https://registry.npmjs.org/track-controller/-/track-controller-0.0.9.tgz",
      "integrity": "sha512-/ENGeTrP6PQZ0GtACnUrYZ0kALeeCwrgV+PZLCBOPomz5R8d+9ycvc2pDqSCyjZXADQy3/rlHzAwa7ambIUKBg==",
      "requires": {
        "deepmerge": "2.0.1",
        "fast-deep-equal": "1.1.0",
        "lscache": "1.1.0",
        "md5": "2.2.1",
        "track-component": "0.0.6",
        "track-config": "0.0.2",
        "track-eventor": "0.0.5",
        "track-helpers": "0.0.1"
      }
    },
    "track-dsl": {
      "version": "0.0.3",
      "resolved": "https://registry.npmjs.org/track-dsl/-/track-dsl-0.0.3.tgz",
      "integrity": "sha512-gWxBd9/3PWXbTUR2KQJmM/1JGB5MjdeawPUHKS17ZNvvuV3SP4BcKa7AOfqOveczTRBETQ5rM+fjxlJK3A46Sg=="
    },
    "track-eventor": {
      "version": "0.0.5",
      "resolved": "https://registry.npmjs.org/track-eventor/-/track-eventor-0.0.5.tgz",
      "integrity": "sha512-/42JjrjJHc27WkAlZNYy9+Ob2jdTH+nyrSQbvJRHLuu7wHjGYd6FOlmrxERp+Q0CaPRNXAvl/z3Cs7huz4+nrQ=="
    },
    "track-helpers": {
      "version": "0.0.1",
      "resolved": "https://registry.npmjs.org/track-helpers/-/track-helpers-0.0.1.tgz",
      "integrity": "sha512-+xZ7p6DYzKs9UxRZM9kEC7KJaq/Qz9GRfj/uUV7sRDfNwfTTfsca5gjyjAyrdZNIJ2Z7gPqoMvW/Zi8Gbk7kuA=="
    },
    "track-i18n": {
      "version": "0.0.2",
      "resolved": "https://registry.npmjs.org/track-i18n/-/track-i18n-0.0.2.tgz",
      "integrity": "sha512-jhs+RbLdDF/XN3DrPVT/TJth+QfMe3zgt/YWF8mBSOcOS+iCehMXqcd97oC8GY6gm2xtBScS98rWl4He6lvWWg=="
    },
    "track-model": {
      "version": "0.0.4",
      "resolved": "https://registry.npmjs.org/track-model/-/track-model-0.0.4.tgz",
      "integrity": "sha512-jEyUvM7lIaSoZieiZCF5LURpMhHqSaUG90FFPnh1rsyrKADAmEtrsuwrF7dESbd6WHeF6h8jg1mMkW3ymWkwzA==",
      "requires": {
        "track-dsl": "0.0.3",
        "track-i18n": "0.0.2"
      }
    },
    "track-router": {
      "version": "0.0.2",
      "resolved": "https://registry.npmjs.org/track-router/-/track-router-0.0.2.tgz",
      "integrity": "sha512-k/n8FS/WET3TyBe5HCCeL1vEzEka62gpNQBUDt8ebtgU4p7pH1TT9NGvfUC4YrOYTM39whtYRtNSv/t0LmkWrQ==",
      "requires": {
        "track-config": "0.0.2",
        "track-dsl": "0.0.3"
      }
    },
    "track-view": {
      "version": "0.0.3",
      "resolved": "https://registry.npmjs.org/track-view/-/track-view-0.0.3.tgz",
      "integrity": "sha512-2pkym1DYpwnAwp5btLZ59fzR9Li+8x64+giuxAm5y+vYA1YKThAV+d962Ma4W7JekBV5KA+5eHlgCQcgXYorFQ==",
      "requires": {
        "track-i18n": "0.0.2"
      }
    }
  }
}
